# @generated by Move, please check-in and do not edit manually.

[move]
version = 3
manifest_digest = "9EE661FAFCF49D50AC8DFB20F9546F88E7ADAA384C558BA1819B537D24BA0C25"
deps_digest = "F8BBB0CCB2491CA29A3DF03D6F92277A4F3574266507ACD77214D37ECA3F3082"
dependencies = [
  { id = "Sui", name = "Sui" },
]

[[move.package]]
id = "MoveStdlib"
source = { git = "https://github.com/MystenLabs/sui.git", rev = "main", subdir = "crates/sui-framework/packages/move-stdlib" }

[[move.package]]
id = "Sui"
source = { git = "https://github.com/MystenLabs/sui.git", rev = "main", subdir = "crates/sui-framework/packages/sui-framework" }

dependencies = [
  { id = "MoveStdlib", name = "MoveStdlib" },
]

[move.toolchain-version]
compiler-version = "1.53.2"
edition = "2024"
flavor = "sui"

[env]

[env.testnet]
chain-id = "4c78adac"
original-published-id = "0x5c7d2c8ff6c4aac80509ee49e9498d6c6aae73061884aca7a65df70dffad78a7"
latest-published-id = "0x5c7d2c8ff6c4aac80509ee49e9498d6c6aae73061884aca7a65df70dffad78a7"
published-version = "1"
