# @generated by Move, please check-in and do not edit manually.

[move]
version = 3
manifest_digest = "B2D752F911C40A5D0A3363AE5EC6B2368BE56D6A1C0D622FA34477DC46A8834A"
deps_digest = "3C4103934B1E040BB6B23F1D610B4EF9F2F1166A50A104EADCF77467C004C600"
dependencies = [
  { id = "MoveStdlib", name = "MoveStdlib" },
  { id = "Sui", name = "Sui" },
]

[[move.package]]
id = "MoveStdlib"
source = { git = "https://github.com/MystenLabs/sui.git", rev = "main", subdir = "crates/sui-framework/packages/move-stdlib" }

[[move.package]]
id = "Sui"
source = { git = "https://github.com/MystenLabs/sui.git", rev = "main", subdir = "crates/sui-framework/packages/sui-framework" }

dependencies = [
  { id = "MoveStdlib", name = "MoveStdlib" },
]

[move.toolchain-version]
compiler-version = "1.53.2"
edition = "2024"
flavor = "sui"

[env]

[env.testnet]
chain-id = "4c78adac"
original-published-id = "0x5c28ffccbaa739ecaae7cfddeffe15b8cbc09d3e4248e0b987b4f6bb1608cd2f"
latest-published-id = "0x5c28ffccbaa739ecaae7cfddeffe15b8cbc09d3e4248e0b987b4f6bb1608cd2f"
published-version = "1"
